
Microsoft Visual Studio Solution File, Format Version 12.00
# Visual Studio Version 17
VisualStudioVersion = 17.4.33110.190
MinimumVisualStudioVersion = 10.0.40219.1
Project("{FAE04EC0-301F-11D3-BF4B-00C04F79EFBC}") = "projeKt C4YDE", "projeKt C4YDE\projeKt C4YDE.csproj", "{EF38AA92-D6BC-4F56-92A7-66EC33EF10EF}"
EndProject
Global
	GlobalSection(SolutionConfigurationPlatforms) = preSolution
		Debug|Any CPU = Debug|Any CPU
		Release|Any CPU = Release|Any CPU
	EndGlobalSection
	GlobalSection(ProjectConfigurationPlatforms) = postSolution
		{EF38AA92-D6BC-4F56-92A7-66EC33EF10EF}.Debug|Any CPU.ActiveCfg = Debug|Any CPU
		{EF38AA92-D6BC-4F56-92A7-66EC33EF10EF}.Debug|Any CPU.Build.0 = Debug|Any CPU
		{EF38AA92-D6BC-4F56-92A7-66EC33EF10EF}.Release|Any CPU.ActiveCfg = Release|Any CPU
		{EF38AA92-D6BC-4F56-92A7-66EC33EF10EF}.Release|Any CPU.Build.0 = Release|Any CPU
	EndGlobalSection
	GlobalSection(SolutionProperties) = preSolution
		HideSolutionNode = FALSE
	EndGlobalSection
	GlobalSection(ExtensibilityGlobals) = postSolution
		SolutionGuid = {EFEC4221-282A-4CE3-B776-48CA282E009C}
	EndGlobalSection
EndGlobal
